
Microsoft Visual Studio Solution File, Format Version 12.00
# Visual Studio Version 17
VisualStudioVersion = 17.0.31903.59
MinimumVisualStudioVersion = 10.0.40219.1
Project("{FAE04EC0-301F-11D3-BF4B-00C04F79EFBC}") = "Spider", "Spider\Spider.csproj", "{A42FDE02-9710-4300-8BA1-0A7CB44FE6A8}"
EndProject
Project("{FAE04EC0-301F-11D3-BF4B-00C04F79EFBC}") = "COMMON", "COMMON\COMMON.csproj", "{A0BBFA80-0E65-4B62-9B7B-0DA6757D1A72}"
EndProject
Global
	GlobalSection(SolutionConfigurationPlatforms) = preSolution
		Debug|Any CPU = Debug|Any CPU
		Release|Any CPU = Release|Any CPU
	EndGlobalSection
	GlobalSection(SolutionProperties) = preSolution
		HideSolutionNode = FALSE
	EndGlobalSection
	GlobalSection(ProjectConfigurationPlatforms) = postSolution
		{A42FDE02-9710-4300-8BA1-0A7CB44FE6A8}.Debug|Any CPU.ActiveCfg = Debug|Any CPU
		{A42FDE02-9710-4300-8BA1-0A7CB44FE6A8}.Debug|Any CPU.Build.0 = Debug|Any CPU
		{A42FDE02-9710-4300-8BA1-0A7CB44FE6A8}.Release|Any CPU.ActiveCfg = Release|Any CPU
		{A42FDE02-9710-4300-8BA1-0A7CB44FE6A8}.Release|Any CPU.Build.0 = Release|Any CPU
		{A0BBFA80-0E65-4B62-9B7B-0DA6757D1A72}.Debug|Any CPU.ActiveCfg = Debug|Any CPU
		{A0BBFA80-0E65-4B62-9B7B-0DA6757D1A72}.Debug|Any CPU.Build.0 = Debug|Any CPU
		{A0BBFA80-0E65-4B62-9B7B-0DA6757D1A72}.Release|Any CPU.ActiveCfg = Release|Any CPU
		{A0BBFA80-0E65-4B62-9B7B-0DA6757D1A72}.Release|Any CPU.Build.0 = Release|Any CPU
	EndGlobalSection
EndGlobal
